
Microsoft Visual Studio Solution File, Format Version 12.00
# Visual Studio 2012
Project("{FAE04EC0-301F-11D3-BF4B-00C04F79EFBC}") = "Squickl", "Squickl\Squickl.csproj", "{13FB2388-BF85-4963-B448-164558F141FE}"
EndProject
Project("{2150E333-8FDC-42A3-9474-1A3956D46DE8}") = "Solution Items", "Solution Items", "{A8B1F336-C2A1-4614-81C3-0CA5E2032988}"
	ProjectSection(SolutionItems) = preProject
		README.md = README.md
	EndProjectSection
EndProject
Project("{FAE04EC0-301F-11D3-BF4B-00C04F79EFBC}") = "SquicklTest", "SquicklTest\SquicklTest.csproj", "{097DF62D-4147-4926-9FA9-4D39912205F0}"
EndProject
Global
	GlobalSection(SolutionConfigurationPlatforms) = preSolution
		Debug|Any CPU = Debug|Any CPU
		Debug|Mixed Platforms = Debug|Mixed Platforms
		Debug|x86 = Debug|x86
		Release|Any CPU = Release|Any CPU
		Release|Mixed Platforms = Release|Mixed Platforms
		Release|x86 = Release|x86
	EndGlobalSection
	GlobalSection(ProjectConfigurationPlatforms) = postSolution
		{13FB2388-BF85-4963-B448-164558F141FE}.Debug|Any CPU.ActiveCfg = Debug|Any CPU
		{13FB2388-BF85-4963-B448-164558F141FE}.Debug|Any CPU.Build.0 = Debug|Any CPU
		{13FB2388-BF85-4963-B448-164558F141FE}.Debug|Mixed Platforms.ActiveCfg = Debug|Any CPU
		{13FB2388-BF85-4963-B448-164558F141FE}.Debug|Mixed Platforms.Build.0 = Debug|Any CPU
		{13FB2388-BF85-4963-B448-164558F141FE}.Debug|x86.ActiveCfg = Debug|Any CPU
		{13FB2388-BF85-4963-B448-164558F141FE}.Release|Any CPU.ActiveCfg = Release|Any CPU
		{13FB2388-BF85-4963-B448-164558F141FE}.Release|Any CPU.Build.0 = Release|Any CPU
		{13FB2388-BF85-4963-B448-164558F141FE}.Release|Mixed Platforms.ActiveCfg = Release|Any CPU
		{13FB2388-BF85-4963-B448-164558F141FE}.Release|Mixed Platforms.Build.0 = Release|Any CPU
		{13FB2388-BF85-4963-B448-164558F141FE}.Release|x86.ActiveCfg = Release|Any CPU
		{097DF62D-4147-4926-9FA9-4D39912205F0}.Debug|Any CPU.ActiveCfg = Debug|Any CPU
		{097DF62D-4147-4926-9FA9-4D39912205F0}.Debug|Any CPU.Build.0 = Debug|Any CPU
		{097DF62D-4147-4926-9FA9-4D39912205F0}.Debug|Mixed Platforms.ActiveCfg = Debug|Any CPU
		{097DF62D-4147-4926-9FA9-4D39912205F0}.Debug|Mixed Platforms.Build.0 = Debug|Any CPU
		{097DF62D-4147-4926-9FA9-4D39912205F0}.Debug|x86.ActiveCfg = Debug|Any CPU
		{097DF62D-4147-4926-9FA9-4D39912205F0}.Release|Any CPU.ActiveCfg = Release|Any CPU
		{097DF62D-4147-4926-9FA9-4D39912205F0}.Release|Any CPU.Build.0 = Release|Any CPU
		{097DF62D-4147-4926-9FA9-4D39912205F0}.Release|Mixed Platforms.ActiveCfg = Release|Any CPU
		{097DF62D-4147-4926-9FA9-4D39912205F0}.Release|Mixed Platforms.Build.0 = Release|Any CPU
		{097DF62D-4147-4926-9FA9-4D39912205F0}.Release|x86.ActiveCfg = Release|Any CPU
	EndGlobalSection
	GlobalSection(SolutionProperties) = preSolution
		HideSolutionNode = FALSE
	EndGlobalSection
EndGlobal
